
Microsoft Visual Studio Solution File, Format Version 12.00
# Visual Studio Version 17
VisualStudioVersion = 17.9.34616.47
MinimumVisualStudioVersion = 10.0.40219.1
Project("{FAE04EC0-301F-11D3-BF4B-00C04F79EFBC}") = "AljabarLibraries", "..\Aljabar\AljabarLibraries.csproj", "{918084DE-F500-42C0-974A-D838FE36F846}"
EndProject
Project("{FAE04EC0-301F-11D3-BF4B-00C04F79EFBC}") = "AljabarDriver", "Aljabar\AljabarDriver.csproj", "{AE37A819-EE3E-444F-96CF-91428F280102}"
EndProject
Global
	GlobalSection(SolutionConfigurationPlatforms) = preSolution
		Debug|Any CPU = Debug|Any CPU
		Release|Any CPU = Release|Any CPU
	EndGlobalSection
	GlobalSection(ProjectConfigurationPlatforms) = postSolution
		{918084DE-F500-42C0-974A-D838FE36F846}.Debug|Any CPU.ActiveCfg = Debug|Any CPU
		{918084DE-F500-42C0-974A-D838FE36F846}.Debug|Any CPU.Build.0 = Debug|Any CPU
		{918084DE-F500-42C0-974A-D838FE36F846}.Release|Any CPU.ActiveCfg = Release|Any CPU
		{918084DE-F500-42C0-974A-D838FE36F846}.Release|Any CPU.Build.0 = Release|Any CPU
		{AE37A819-EE3E-444F-96CF-91428F280102}.Debug|Any CPU.ActiveCfg = Debug|Any CPU
		{AE37A819-EE3E-444F-96CF-91428F280102}.Debug|Any CPU.Build.0 = Debug|Any CPU
		{AE37A819-EE3E-444F-96CF-91428F280102}.Release|Any CPU.ActiveCfg = Release|Any CPU
		{AE37A819-EE3E-444F-96CF-91428F280102}.Release|Any CPU.Build.0 = Release|Any CPU
	EndGlobalSection
	GlobalSection(SolutionProperties) = preSolution
		HideSolutionNode = FALSE
	EndGlobalSection
	GlobalSection(ExtensibilityGlobals) = postSolution
		SolutionGuid = {F7BBE261-8184-45FD-8AE7-4A872F9DC439}
	EndGlobalSection
EndGlobal
